
Microsoft Visual Studio Solution File, Format Version 12.00
# Visual Studio Version 17
VisualStudioVersion = 17.8.34330.188
MinimumVisualStudioVersion = 10.0.40219.1
Project("{9A19103F-16F7-4668-BE54-9A1E7A4F7556}") = "Cards.Api", "Cards.Api\Cards.Api.csproj", "{FF78548A-2580-49E6-BF40-FE59396A7E2A}"
EndProject
Project("{9A19103F-16F7-4668-BE54-9A1E7A4F7556}") = "Cards.Core", "Cards.Core\Cards.Core.csproj", "{C66796A0-9AE7-492A-8A5D-B59D4677B70F}"
EndProject
Project("{FAE04EC0-301F-11D3-BF4B-00C04F79EFBC}") = "Cards.Tests", "Cards.Tests\Cards.Tests.csproj", "{3EFF8F59-2750-4FFD-8404-559CB0A3F7D5}"
EndProject
Global
	GlobalSection(SolutionConfigurationPlatforms) = preSolution
		Debug|Any CPU = Debug|Any CPU
		Release|Any CPU = Release|Any CPU
	EndGlobalSection
	GlobalSection(ProjectConfigurationPlatforms) = postSolution
		{FF78548A-2580-49E6-BF40-FE59396A7E2A}.Debug|Any CPU.ActiveCfg = Debug|Any CPU
		{FF78548A-2580-49E6-BF40-FE59396A7E2A}.Debug|Any CPU.Build.0 = Debug|Any CPU
		{FF78548A-2580-49E6-BF40-FE59396A7E2A}.Release|Any CPU.ActiveCfg = Release|Any CPU
		{FF78548A-2580-49E6-BF40-FE59396A7E2A}.Release|Any CPU.Build.0 = Release|Any CPU
		{C66796A0-9AE7-492A-8A5D-B59D4677B70F}.Debug|Any CPU.ActiveCfg = Debug|Any CPU
		{C66796A0-9AE7-492A-8A5D-B59D4677B70F}.Debug|Any CPU.Build.0 = Debug|Any CPU
		{C66796A0-9AE7-492A-8A5D-B59D4677B70F}.Release|Any CPU.ActiveCfg = Release|Any CPU
		{C66796A0-9AE7-492A-8A5D-B59D4677B70F}.Release|Any CPU.Build.0 = Release|Any CPU
		{3EFF8F59-2750-4FFD-8404-559CB0A3F7D5}.Debug|Any CPU.ActiveCfg = Debug|Any CPU
		{3EFF8F59-2750-4FFD-8404-559CB0A3F7D5}.Debug|Any CPU.Build.0 = Debug|Any CPU
		{3EFF8F59-2750-4FFD-8404-559CB0A3F7D5}.Release|Any CPU.ActiveCfg = Release|Any CPU
		{3EFF8F59-2750-4FFD-8404-559CB0A3F7D5}.Release|Any CPU.Build.0 = Release|Any CPU
	EndGlobalSection
	GlobalSection(SolutionProperties) = preSolution
		HideSolutionNode = FALSE
	EndGlobalSection
	GlobalSection(ExtensibilityGlobals) = postSolution
		SolutionGuid = {55FCEAB3-3B1D-4D60-A84A-34BDC6CB88FB}
	EndGlobalSection
EndGlobal
